
Microsoft Visual Studio Solution File, Format Version 12.00
# Visual Studio Version 17
VisualStudioVersion = 17.11.35327.3
MinimumVisualStudioVersion = 10.0.40219.1
Project("{FAE04EC0-301F-11D3-BF4B-00C04F79EFBC}") = "MessageConsumer", "MessageConsumer\MessageConsumer.csproj", "{1007A30B-62DB-48E6-B57B-B31A8D50DE8A}"
EndProject
Global
	GlobalSection(SolutionConfigurationPlatforms) = preSolution
		Debug|Any CPU = Debug|Any CPU
		Release|Any CPU = Release|Any CPU
	EndGlobalSection
	GlobalSection(ProjectConfigurationPlatforms) = postSolution
		{1007A30B-62DB-48E6-B57B-B31A8D50DE8A}.Debug|Any CPU.ActiveCfg = Debug|Any CPU
		{1007A30B-62DB-48E6-B57B-B31A8D50DE8A}.Debug|Any CPU.Build.0 = Debug|Any CPU
		{1007A30B-62DB-48E6-B57B-B31A8D50DE8A}.Release|Any CPU.ActiveCfg = Release|Any CPU
		{1007A30B-62DB-48E6-B57B-B31A8D50DE8A}.Release|Any CPU.Build.0 = Release|Any CPU
	EndGlobalSection
	GlobalSection(SolutionProperties) = preSolution
		HideSolutionNode = FALSE
	EndGlobalSection
	GlobalSection(ExtensibilityGlobals) = postSolution
		SolutionGuid = {4BE03EA4-9405-43CE-BBE9-C293303C6431}
	EndGlobalSection
EndGlobal
