
Microsoft Visual Studio Solution File, Format Version 12.00
# Visual Studio Version 17
VisualStudioVersion = 17.11.35327.3
MinimumVisualStudioVersion = 10.0.40219.1
Project("{FAE04EC0-301F-11D3-BF4B-00C04F79EFBC}") = "FileProcessor", "FileProcessor\FileProcessor.csproj", "{9199BD36-9826-4A39-8A9F-821F6BFDCF3F}"
EndProject
Global
	GlobalSection(SolutionConfigurationPlatforms) = preSolution
		Debug|Any CPU = Debug|Any CPU
		Release|Any CPU = Release|Any CPU
	EndGlobalSection
	GlobalSection(ProjectConfigurationPlatforms) = postSolution
		{9199BD36-9826-4A39-8A9F-821F6BFDCF3F}.Debug|Any CPU.ActiveCfg = Debug|Any CPU
		{9199BD36-9826-4A39-8A9F-821F6BFDCF3F}.Debug|Any CPU.Build.0 = Debug|Any CPU
		{9199BD36-9826-4A39-8A9F-821F6BFDCF3F}.Release|Any CPU.ActiveCfg = Release|Any CPU
		{9199BD36-9826-4A39-8A9F-821F6BFDCF3F}.Release|Any CPU.Build.0 = Release|Any CPU
	EndGlobalSection
	GlobalSection(SolutionProperties) = preSolution
		HideSolutionNode = FALSE
	EndGlobalSection
	GlobalSection(ExtensibilityGlobals) = postSolution
		SolutionGuid = {2E3E06D9-B2BE-48A5-94CA-63052EA64D20}
	EndGlobalSection
EndGlobal
